// !$*UTF8*$!
{
	archiveVersion = 1;
	classes = {
	};
	objectVersion = 55;
	objects = {

/* Begin PBXBuildFile section */
		A7BF65EE27C76BD1006405C3 /* AppDelegate.swift in Sources */ = {isa = PBXBuildFile; fileRef = A7BF65ED27C76BD1006405C3 /* AppDelegate.swift */; };
		A7BF65F027C76BD1006405C3 /* SceneDelegate.swift in Sources */ = {isa = PBXBuildFile; fileRef = A7BF65EF27C76BD1006405C3 /* SceneDelegate.swift */; };
		A7BF65F227C76BD1006405C3 /* ViewController.swift in Sources */ = {isa = PBXBuildFile; fileRef = A7BF65F127C76BD1006405C3 /* ViewController.swift */; };
		A7BF65F527C76BD1006405C3 /* Main.storyboard in Resources */ = {isa = PBXBuildFile; fileRef = A7BF65F327C76BD1006405C3 /* Main.storyboard */; };
		A7BF65F727C76BD2006405C3 /* Assets.xcassets in Resources */ = {isa = PBXBuildFile; fileRef = A7BF65F627C76BD2006405C3 /* Assets.xcassets */; };
		A7BF65FA27C76BD2006405C3 /* LaunchScreen.storyboard in Resources */ = {isa = PBXBuildFile; fileRef = A7BF65F827C76BD2006405C3 /* LaunchScreen.storyboard */; };
		A7BF660527C76BD2006405C3 /* UFC_fightersTests.swift in Sources */ = {isa = PBXBuildFile; fileRef = A7BF660427C76BD2006405C3 /* UFC_fightersTests.swift */; };
		A7BF660F27C76BD2006405C3 /* UFC_fightersUITests.swift in Sources */ = {isa = PBXBuildFile; fileRef = A7BF660E27C76BD2006405C3 /* UFC_fightersUITests.swift */; };
		A7BF661127C76BD2006405C3 /* UFC_fightersUITestsLaunchTests.swift in Sources */ = {isa = PBXBuildFile; fileRef = A7BF661027C76BD2006405C3 /* UFC_fightersUITestsLaunchTests.swift */; };
/* End PBXBuildFile section */

/* Begin PBXContainerItemProxy section */
		A7BF660127C76BD2006405C3 /* PBXContainerItemProxy */ = {
			isa = PBXContainerItemProxy;
			containerPortal = A7BF65E227C76BD1006405C3 /* Project object */;
			proxyType = 1;
			remoteGlobalIDString = A7BF65E927C76BD1006405C3;
			remoteInfo = "UFC fighters";
		};
		A7BF660B27C76BD2006405C3 /* PBXContainerItemProxy */ = {
			isa = PBXContainerItemProxy;
			containerPortal = A7BF65E227C76BD1006405C3 /* Project object */;
			proxyType = 1;
			remoteGlobalIDString = A7BF65E927C76BD1006405C3;
			remoteInfo = "UFC fighters";
		};
/* End PBXContainerItemProxy section */

/* Begin PBXFileReference section */
		A7BF65EA27C76BD1006405C3 /* UFC fighters.app */ = {isa = PBXFileReference; explicitFileType = wrapper.application; includeInIndex = 0; path = "UFC fighters.app"; sourceTree = BUILT_PRODUCTS_DIR; };
		A7BF65ED27C76BD1006405C3 /* AppDelegate.swift */ = {isa = PBXFileReference; lastKnownFileType = sourcecode.swift; path = AppDelegate.swift; sourceTree = "<group>"; };
		A7BF65EF27C76BD1006405C3 /* SceneDelegate.swift */ = {isa = PBXFileReference; lastKnownFileType = sourcecode.swift; path = SceneDelegate.swift; sourceTree = "<group>"; };
		A7BF65F127C76BD1006405C3 /* ViewController.swift */ = {isa = PBXFileReference; lastKnownFileType = sourcecode.swift; path = ViewController.swift; sourceTree = "<group>"; };
		A7BF65F427C76BD1006405C3 /* Base */ = {isa = PBXFileReference; lastKnownFileType = file.storyboard; name = Base; path = Base.lproj/Main.storyboard; sourceTree = "<group>"; };
		A7BF65F627C76BD2006405C3 /* Assets.xcassets */ = {isa = PBXFileReference; lastKnownFileType = folder.assetcatalog; path = Assets.xcassets; sourceTree = "<group>"; };
		A7BF65F927C76BD2006405C3 /* Base */ = {isa = PBXFileReference; lastKnownFileType = file.storyboard; name = Base; path = Base.lproj/LaunchScreen.storyboard; sourceTree = "<group>"; };
		A7BF65FB27C76BD2006405C3 /* Info.plist */ = {isa = PBXFileReference; lastKnownFileType = text.plist.xml; path = Info.plist; sourceTree = "<group>"; };
		A7BF660027C76BD2006405C3 /* UFC fightersTests.xctest */ = {isa = PBXFileReference; explicitFileType = wrapper.cfbundle; includeInIndex = 0; path = "UFC fightersTests.xctest"; sourceTree = BUILT_PRODUCTS_DIR; };
		A7BF660427C76BD2006405C3 /* UFC_fightersTests.swift */ = {isa = PBXFileReference; lastKnownFileType = sourcecode.swift; path = UFC_fightersTests.swift; sourceTree = "<group>"; };
		A7BF660A27C76BD2006405C3 /* UFC fightersUITests.xctest */ = {isa = PBXFileReference; explicitFileType = wrapper.cfbundle; includeInIndex = 0; path = "UFC fightersUITests.xctest"; sourceTree = BUILT_PRODUCTS_DIR; };
		A7BF660E27C76BD2006405C3 /* UFC_fightersUITests.swift */ = {isa = PBXFileReference; lastKnownFileType = sourcecode.swift; path = UFC_fightersUITests.swift; sourceTree = "<group>"; };
		A7BF661027C76BD2006405C3 /* UFC_fightersUITestsLaunchTests.swift */ = {isa = PBXFileReference; lastKnownFileType = sourcecode.swift; path = UFC_fightersUITestsLaunchTests.swift; sourceTree = "<group>"; };
/* End PBXFileReference section */

/* Begin PBXFrameworksBuildPhase section */
		A7BF65E727C76BD1006405C3 /* Frameworks */ = {
			isa = PBXFrameworksBuildPhase;
			buildActionMask = 2147483647;
			files = (
			);
			runOnlyForDeploymentPostprocessing = 0;
		};
		A7BF65FD27C76BD2006405C3 /* Frameworks */ = {
			isa = PBXFrameworksBuildPhase;
			buildActionMask = 2147483647;
			files = (
			);
			runOnlyForDeploymentPostprocessing = 0;
		};
		A7BF660727C76BD2006405C3 /* Frameworks */ = {
			isa = PBXFrameworksBuildPhase;
			buildActionMask = 2147483647;
			files = (
			);
			runOnlyForDeploymentPostprocessing = 0;
		};
/* End PBXFrameworksBuildPhase section */

/* Begin PBXGroup section */
		A7BF65E127C76BD1006405C3 = {
			isa = PBXGroup;
			children = (
				A7BF65EC27C76BD1006405C3 /* UFC fighters */,
				A7BF660327C76BD2006405C3 /* UFC fightersTests */,
				A7BF660D27C76BD2006405C3 /* UFC fightersUITests */,
				A7BF65EB27C76BD1006405C3 /* Products */,
			);
			sourceTree = "<group>";
		};
		A7BF65EB27C76BD1006405C3 /* Products */ = {
			isa = PBXGroup;
			children = (
				A7BF65EA27C76BD1006405C3 /* UFC fighters.app */,
				A7BF660027C76BD2006405C3 /* UFC fightersTests.xctest */,
				A7BF660A27C76BD2006405C3 /* UFC fightersUITests.xctest */,
			);
			name = Products;
			sourceTree = "<group>";
		};
		A7BF65EC27C76BD1006405C3 /* UFC fighters */ = {
			isa = PBXGroup;
			children = (
				A7BF65ED27C76BD1006405C3 /* AppDelegate.swift */,
				A7BF65EF27C76BD1006405C3 /* SceneDelegate.swift */,
				A7BF65F127C76BD1006405C3 /* ViewController.swift */,
				A7BF65F327C76BD1006405C3 /* Main.storyboard */,
				A7BF65F627C76BD2006405C3 /* Assets.xcassets */,
				A7BF65F827C76BD2006405C3 /* LaunchScreen.storyboard */,
				A7BF65FB27C76BD2006405C3 /* Info.plist */,
			);
			path = "UFC fighters";
			sourceTree = "<group>";
		};
		A7BF660327C76BD2006405C3 /* UFC fightersTests */ = {
			isa = PBXGroup;
			children = (
				A7BF660427C76BD2006405C3 /* UFC_fightersTests.swift */,
			);
			path = "UFC fightersTests";
			sourceTree = "<group>";
		};
		A7BF660D27C76BD2006405C3 /* UFC fightersUITests */ = {
			isa = PBXGroup;
			children = (
				A7BF660E27C76BD2006405C3 /* UFC_fightersUITests.swift */,
				A7BF661027C76BD2006405C3 /* UFC_fightersUITestsLaunchTests.swift */,
			);
			path = "UFC fightersUITests";
			sourceTree = "<group>";
		};
/* End PBXGroup section */

/* Begin PBXNativeTarget section */
		A7BF65E927C76BD1006405C3 /* UFC fighters */ = {
			isa = PBXNativeTarget;
			buildConfigurationList = A7BF661427C76BD2006405C3 /* Build configuration list for PBXNativeTarget "UFC fighters" */;
			buildPhases = (
				A7BF65E627C76BD1006405C3 /* Sources */,
				A7BF65E727C76BD1006405C3 /* Frameworks */,
				A7BF65E827C76BD1006405C3 /* Resources */,
			);
			buildRules = (
			);
			dependencies = (
			);
			name = "UFC fighters";
			productName = "UFC fighters";
			productReference = A7BF65EA27C76BD1006405C3 /* UFC fighters.app */;
			productType = "com.apple.product-type.application";
		};
		A7BF65FF27C76BD2006405C3 /* UFC fightersTests */ = {
			isa = PBXNativeTarget;
			buildConfigurationList = A7BF661727C76BD2006405C3 /* Build configuration list for PBXNativeTarget "UFC fightersTests" */;
			buildPhases = (
				A7BF65FC27C76BD2006405C3 /* Sources */,
				A7BF65FD27C76BD2006405C3 /* Frameworks */,
				A7BF65FE27C76BD2006405C3 /* Resources */,
			);
			buildRules = (
			);
			dependencies = (
				A7BF660227C76BD2006405C3 /* PBXTargetDependency */,
			);
			name = "UFC fightersTests";
			productName = "UFC fightersTests";
			productReference = A7BF660027C76BD2006405C3 /* UFC fightersTests.xctest */;
			productType = "com.apple.product-type.bundle.unit-test";
		};
		A7BF660927C76BD2006405C3 /* UFC fightersUITests */ = {
			isa = PBXNativeTarget;
			buildConfigurationList = A7BF661A27C76BD2006405C3 /* Build configuration list for PBXNativeTarget "UFC fightersUITests" */;
			buildPhases = (
				A7BF660627C76BD2006405C3 /* Sources */,
				A7BF660727C76BD2006405C3 /* Frameworks */,
				A7BF660827C76BD2006405C3 /* Resources */,
			);
			buildRules = (
			);
			dependencies = (
				A7BF660C27C76BD2006405C3 /* PBXTargetDependency */,
			);
			name = "UFC fightersUITests";
			productName = "UFC fightersUITests";
			productReference = A7BF660A27C76BD2006405C3 /* UFC fightersUITests.xctest */;
			productType = "com.apple.product-type.bundle.ui-testing";
		};
/* End PBXNativeTarget section */

/* Begin PBXProject section */
		A7BF65E227C76BD1006405C3 /* Project object */ = {
			isa = PBXProject;
			attributes = {
				BuildIndependentTargetsInParallel = 1;
				LastSwiftUpdateCheck = 1300;
				LastUpgradeCheck = 1300;
				TargetAttributes = {
					A7BF65E927C76BD1006405C3 = {
						CreatedOnToolsVersion = 13.0;
					};
					A7BF65FF27C76BD2006405C3 = {
						CreatedOnToolsVersion = 13.0;
						TestTargetID = A7BF65E927C76BD1006405C3;
					};
					A7BF660927C76BD2006405C3 = {
						CreatedOnToolsVersion = 13.0;
						TestTargetID = A7BF65E927C76BD1006405C3;
					};
				};
			};
			buildConfigurationList = A7BF65E527C76BD1006405C3 /* Build configuration list for PBXProject "UFC fighters" */;
			compatibilityVersion = "Xcode 13.0";
			developmentRegion = en;
			hasScannedForEncodings = 0;
			knownRegions = (
				en,
				Base,
			);
			mainGroup = A7BF65E127C76BD1006405C3;
			productRefGroup = A7BF65EB27C76BD1006405C3 /* Products */;
			projectDirPath = "";
			projectRoot = "";
			targets = (
				A7BF65E927C76BD1006405C3 /* UFC fighters */,
				A7BF65FF27C76BD2006405C3 /* UFC fightersTests */,
				A7BF660927C76BD2006405C3 /* UFC fightersUITests */,
			);
		};
/* End PBXProject section */

/* Begin PBXResourcesBuildPhase section */
		A7BF65E827C76BD1006405C3 /* Resources */ = {
			isa = PBXResourcesBuildPhase;
			buildActionMask = 2147483647;
			files = (
				A7BF65FA27C76BD2006405C3 /* LaunchScreen.storyboard in Resources */,
				A7BF65F727C76BD2006405C3 /* Assets.xcassets in Resources */,
				A7BF65F527C76BD1006405C3 /* Main.storyboard in Resources */,
			);
			runOnlyForDeploymentPostprocessing = 0;
		};
		A7BF65FE27C76BD2006405C3 /* Resources */ = {
			isa = PBXResourcesBuildPhase;
			buildActionMask = 2147483647;
			files = (
			);
			runOnlyForDeploymentPostprocessing = 0;
		};
		A7BF660827C76BD2006405C3 /* Resources */ = {
			isa = PBXResourcesBuildPhase;
			buildActionMask = 2147483647;
			files = (
			);
			runOnlyForDeploymentPostprocessing = 0;
		};
/* End PBXResourcesBuildPhase section */

/* Begin PBXSourcesBuildPhase section */
		A7BF65E627C76BD1006405C3 /* Sources */ = {
			isa = PBXSourcesBuildPhase;
			buildActionMask = 2147483647;
			files = (
				A7BF65F227C76BD1006405C3 /* ViewController.swift in Sources */,
				A7BF65EE27C76BD1006405C3 /* AppDelegate.swift in Sources */,
				A7BF65F027C76BD1006405C3 /* SceneDelegate.swift in Sources */,
			);
			runOnlyForDeploymentPostprocessing = 0;
		};
		A7BF65FC27C76BD2006405C3 /* Sources */ = {
			isa = PBXSourcesBuildPhase;
			buildActionMask = 2147483647;
			files = (
				A7BF660527C76BD2006405C3 /* UFC_fightersTests.swift in Sources */,
			);
			runOnlyForDeploymentPostprocessing = 0;
		};
		A7BF660627C76BD2006405C3 /* Sources */ = {
			isa = PBXSourcesBuildPhase;
			buildActionMask = 2147483647;
			files = (
				A7BF660F27C76BD2006405C3 /* UFC_fightersUITests.swift in Sources */,
				A7BF661127C76BD2006405C3 /* UFC_fightersUITestsLaunchTests.swift in Sources */,
			);
			runOnlyForDeploymentPostprocessing = 0;
		};
/* End PBXSourcesBuildPhase section */

/* Begin PBXTargetDependency section */
		A7BF660227C76BD2006405C3 /* PBXTargetDependency */ = {
			isa = PBXTargetDependency;
			target = A7BF65E927C76BD1006405C3 /* UFC fighters */;
			targetProxy = A7BF660127C76BD2006405C3 /* PBXContainerItemProxy */;
		};
		A7BF660C27C76BD2006405C3 /* PBXTargetDependency */ = {
			isa = PBXTargetDependency;
			target = A7BF65E927C76BD1006405C3 /* UFC fighters */;
			targetProxy = A7BF660B27C76BD2006405C3 /* PBXContainerItemProxy */;
		};
/* End PBXTargetDependency section */

/* Begin PBXVariantGroup section */
		A7BF65F327C76BD1006405C3 /* Main.storyboard */ = {
			isa = PBXVariantGroup;
			children = (
				A7BF65F427C76BD1006405C3 /* Base */,
			);
			name = Main.storyboard;
			sourceTree = "<group>";
		};
		A7BF65F827C76BD2006405C3 /* LaunchScreen.storyboard */ = {
			isa = PBXVariantGroup;
			children = (
				A7BF65F927C76BD2006405C3 /* Base */,
			);
			name = LaunchScreen.storyboard;
			sourceTree = "<group>";
		};
/* End PBXVariantGroup section */

/* Begin XCBuildConfiguration section */
		A7BF661227C76BD2006405C3 /* Debug */ = {
			isa = XCBuildConfiguration;
			buildSettings = {
				ALWAYS_SEARCH_USER_PATHS = NO;
				CLANG_ANALYZER_NONNULL = YES;
				CLANG_ANALYZER_NUMBER_OBJECT_CONVERSION = YES_AGGRESSIVE;
				CLANG_CXX_LANGUAGE_STANDARD = "gnu++17";
				CLANG_CXX_LIBRARY = "libc++";
				CLANG_ENABLE_MODULES = YES;
				CLANG_ENABLE_OBJC_ARC = YES;
				CLANG_ENABLE_OBJC_WEAK = YES;
				CLANG_WARN_BLOCK_CAPTURE_AUTORELEASING = YES;
				CLANG_WARN_BOOL_CONVERSION = YES;
				CLANG_WARN_COMMA = YES;
				CLANG_WARN_CONSTANT_CONVERSION = YES;
				CLANG_WARN_DEPRECATED_OBJC_IMPLEMENTATIONS = YES;
				CLANG_WARN_DIRECT_OBJC_ISA_USAGE = YES_ERROR;
				CLANG_WARN_DOCUMENTATION_COMMENTS = YES;
				CLANG_WARN_EMPTY_BODY = YES;
				CLANG_WARN_ENUM_CONVERSION = YES;
				CLANG_WARN_INFINITE_RECURSION = YES;
				CLANG_WARN_INT_CONVERSION = YES;
				CLANG_WARN_NON_LITERAL_NULL_CONVERSION = YES;
				CLANG_WARN_OBJC_IMPLICIT_RETAIN_SELF = YES;
				CLANG_WARN_OBJC_LITERAL_CONVERSION = YES;
				CLANG_WARN_OBJC_ROOT_CLASS = YES_ERROR;
				CLANG_WARN_QUOTED_INCLUDE_IN_FRAMEWORK_HEADER = YES;
				CLANG_WARN_RANGE_LOOP_ANALYSIS = YES;
				CLANG_WARN_STRICT_PROTOTYPES = YES;
				CLANG_WARN_SUSPICIOUS_MOVE = YES;
				CLANG_WARN_UNGUARDED_AVAILABILITY = YES_AGGRESSIVE;
				CLANG_WARN_UNREACHABLE_CODE = YES;
				CLANG_WARN__DUPLICATE_METHOD_MATCH = YES;
				COPY_PHASE_STRIP = NO;
				DEBUG_INFORMATION_FORMAT = dwarf;
				ENABLE_STRICT_OBJC_MSGSEND = YES;
				ENABLE_TESTABILITY = YES;
				GCC_C_LANGUAGE_STANDARD = gnu11;
				GCC_DYNAMIC_NO_PIC = NO;
				GCC_NO_COMMON_BLOCKS = YES;
				GCC_OPTIMIZATION_LEVEL = 0;
				GCC_PREPROCESSOR_DEFINITIONS = (
					"DEBUG=1",
					"$(inherited)",
				);
				GCC_WARN_64_TO_32_BIT_CONVERSION = YES;
				GCC_WARN_ABOUT_RETURN_TYPE = YES_ERROR;
				GCC_WARN_UNDECLARED_SELECTOR = YES;
				GCC_WARN_UNINITIALIZED_AUTOS = YES_AGGRESSIVE;
				GCC_WARN_UNUSED_FUNCTION = YES;
				GCC_WARN_UNUSED_VARIABLE = YES;
				IPHONEOS_DEPLOYMENT_TARGET = 15.0;
				MTL_ENABLE_DEBUG_INFO = INCLUDE_SOURCE;
				MTL_FAST_MATH = YES;
				ONLY_ACTIVE_ARCH = YES;
				SDKROOT = iphoneos;
				SWIFT_ACTIVE_COMPILATION_CONDITIONS = DEBUG;
				SWIFT_OPTIMIZATION_LEVEL = "-Onone";
			};
			name = Debug;
		};
		A7BF661327C76BD2006405C3 /* Release */ = {
			isa = XCBuildConfiguration;
			buildSettings = {
				ALWAYS_SEARCH_USER_PATHS = NO;
				CLANG_ANALYZER_NONNULL = YES;
				CLANG_ANALYZER_NUMBER_OBJECT_CONVERSION = YES_AGGRESSIVE;
				CLANG_CXX_LANGUAGE_STANDARD = "gnu++17";
				CLANG_CXX_LIBRARY = "libc++";
				CLANG_ENABLE_MODULES = YES;
				CLANG_ENABLE_OBJC_ARC = YES;
				CLANG_ENABLE_OBJC_WEAK = YES;
				CLANG_WARN_BLOCK_CAPTURE_AUTORELEASING = YES;
				CLANG_WARN_BOOL_CONVERSION = YES;
				CLANG_WARN_COMMA = YES;
				CLANG_WARN_CONSTANT_CONVERSION = YES;
				CLANG_WARN_DEPRECATED_OBJC_IMPLEMENTATIONS = YES;
				CLANG_WARN_DIRECT_OBJC_ISA_USAGE = YES_ERROR;
				CLANG_WARN_DOCUMENTATION_COMMENTS = YES;
				CLANG_WARN_EMPTY_BODY = YES;
				CLANG_WARN_ENUM_CONVERSION = YES;
				CLANG_WARN_INFINITE_RECURSION = YES;
				CLANG_WARN_INT_CONVERSION = YES;
				CLANG_WARN_NON_LITERAL_NULL_CONVERSION = YES;
				CLANG_WARN_OBJC_IMPLICIT_RETAIN_SELF = YES;
				CLANG_WARN_OBJC_LITERAL_CONVERSION = YES;
				CLANG_WARN_OBJC_ROOT_CLASS = YES_ERROR;
				CLANG_WARN_QUOTED_INCLUDE_IN_FRAMEWORK_HEADER = YES;
				CLANG_WARN_RANGE_LOOP_ANALYSIS = YES;
				CLANG_WARN_STRICT_PROTOTYPES = YES;
				CLANG_WARN_SUSPICIOUS_MOVE = YES;
				CLANG_WARN_UNGUARDED_AVAILABILITY = YES_AGGRESSIVE;
				CLANG_WARN_UNREACHABLE_CODE = YES;
				CLANG_WARN__DUPLICATE_METHOD_MATCH = YES;
				COPY_PHASE_STRIP = NO;
				DEBUG_INFORMATION_FORMAT = "dwarf-with-dsym";
				ENABLE_NS_ASSERTIONS = NO;
				ENABLE_STRICT_OBJC_MSGSEND = YES;
				GCC_C_LANGUAGE_STANDARD = gnu11;
				GCC_NO_COMMON_BLOCKS = YES;
				GCC_WARN_64_TO_32_BIT_CONVERSION = YES;
				GCC_WARN_ABOUT_RETURN_TYPE = YES_ERROR;
				GCC_WARN_UNDECLARED_SELECTOR = YES;
				GCC_WARN_UNINITIALIZED_AUTOS = YES_AGGRESSIVE;
				GCC_WARN_UNUSED_FUNCTION = YES;
				GCC_WARN_UNUSED_VARIABLE = YES;
				IPHONEOS_DEPLOYMENT_TARGET = 15.0;
				MTL_ENABLE_DEBUG_INFO = NO;
				MTL_FAST_MATH = YES;
				SDKROOT = iphoneos;
				SWIFT_COMPILATION_MODE = wholemodule;
				SWIFT_OPTIMIZATION_LEVEL = "-O";
				VALIDATE_PRODUCT = YES;
			};
			name = Release;
		};
		A7BF661527C76BD2006405C3 /* Debug */ = {
			isa = XCBuildConfiguration;
			buildSettings = {
				ASSETCATALOG_COMPILER_APPICON_NAME = AppIcon;
				ASSETCATALOG_COMPILER_GLOBAL_ACCENT_COLOR_NAME = AccentColor;
				CODE_SIGN_STYLE = Automatic;
				CURRENT_PROJECT_VERSION = 1;
				DEVELOPMENT_TEAM = S3PKQ6K35V;
				GENERATE_INFOPLIST_FILE = YES;
				INFOPLIST_FILE = "UFC fighters/Info.plist";
				INFOPLIST_KEY_UIApplicationSupportsIndirectInputEvents = YES;
				INFOPLIST_KEY_UILaunchStoryboardName = LaunchScreen;
				INFOPLIST_KEY_UIMainStoryboardFile = Main;
				INFOPLIST_KEY_UISupportedInterfaceOrientations_iPad = "UIInterfaceOrientationPortrait UIInterfaceOrientationPortraitUpsideDown UIInterfaceOrientationLandscapeLeft UIInterfaceOrientationLandscapeRight";
				INFOPLIST_KEY_UISupportedInterfaceOrientations_iPhone = "UIInterfaceOrientationPortrait UIInterfaceOrientationLandscapeLeft UIInterfaceOrientationLandscapeRight";
				LD_RUNPATH_SEARCH_PATHS = (
					"$(inherited)",
					"@executable_path/Frameworks",
				);
				MARKETING_VERSION = 1.0;
				PRODUCT_BUNDLE_IDENTIFIER = "Aibek.UFC-fighters";
				PRODUCT_NAME = "$(TARGET_NAME)";
				SWIFT_EMIT_LOC_STRINGS = YES;
				SWIFT_VERSION = 5.0;
				TARGETED_DEVICE_FAMILY = "1,2";
			};
			name = Debug;
		};
		A7BF661627C76BD2006405C3 /* Release */ = {
			isa = XCBuildConfiguration;
			buildSettings = {
				ASSETCATALOG_COMPILER_APPICON_NAME = AppIcon;
				ASSETCATALOG_COMPILER_GLOBAL_ACCENT_COLOR_NAME = AccentColor;
				CODE_SIGN_STYLE = Automatic;
				CURRENT_PROJECT_VERSION = 1;
				DEVELOPMENT_TEAM = S3PKQ6K35V;
				GENERATE_INFOPLIST_FILE = YES;
				INFOPLIST_FILE = "UFC fighters/Info.plist";
				INFOPLIST_KEY_UIApplicationSupportsIndirectInputEvents = YES;
				INFOPLIST_KEY_UILaunchStoryboardName = LaunchScreen;
				INFOPLIST_KEY_UIMainStoryboardFile = Main;
				INFOPLIST_KEY_UISupportedInterfaceOrientations_iPad = "UIInterfaceOrientationPortrait UIInterfaceOrientationPortraitUpsideDown UIInterfaceOrientationLandscapeLeft UIInterfaceOrientationLandscapeRight";
				INFOPLIST_KEY_UISupportedInterfaceOrientations_iPhone = "UIInterfaceOrientationPortrait UIInterfaceOrientationLandscapeLeft UIInterfaceOrientationLandscapeRight";
				LD_RUNPATH_SEARCH_PATHS = (
					"$(inherited)",
					"@executable_path/Frameworks",
				);
				MARKETING_VERSION = 1.0;
				PRODUCT_BUNDLE_IDENTIFIER = "Aibek.UFC-fighters";
				PRODUCT_NAME = "$(TARGET_NAME)";
				SWIFT_EMIT_LOC_STRINGS = YES;
				SWIFT_VERSION = 5.0;
				TARGETED_DEVICE_FAMILY = "1,2";
			};
			name = Release;
		};
		A7BF661827C76BD2006405C3 /* Debug */ = {
			isa = XCBuildConfiguration;
			buildSettings = {
				ALWAYS_EMBED_SWIFT_STANDARD_LIBRARIES = YES;
				BUNDLE_LOADER = "$(TEST_HOST)";
				CODE_SIGN_STYLE = Automatic;
				CURRENT_PROJECT_VERSION = 1;
				DEVELOPMENT_TEAM = S3PKQ6K35V;
				GENERATE_INFOPLIST_FILE = YES;
				IPHONEOS_DEPLOYMENT_TARGET = 15.0;
				LD_RUNPATH_SEARCH_PATHS = (
					"$(inherited)",
					"@executable_path/Frameworks",
					"@loader_path/Frameworks",
				);
				MARKETING_VERSION = 1.0;
				PRODUCT_BUNDLE_IDENTIFIER = "Aibek.UFC-fightersTests";
				PRODUCT_NAME = "$(TARGET_NAME)";
				SWIFT_EMIT_LOC_STRINGS = NO;
				SWIFT_VERSION = 5.0;
				TARGETED_DEVICE_FAMILY = "1,2";
				TEST_HOST = "$(BUILT_PRODUCTS_DIR)/UFC fighters.app/UFC fighters";
			};
			name = Debug;
		};
		A7BF661927C76BD2006405C3 /* Release */ = {
			isa = XCBuildConfiguration;
			buildSettings = {
				ALWAYS_EMBED_SWIFT_STANDARD_LIBRARIES = YES;
				BUNDLE_LOADER = "$(TEST_HOST)";
				CODE_SIGN_STYLE = Automatic;
				CURRENT_PROJECT_VERSION = 1;
				DEVELOPMENT_TEAM = S3PKQ6K35V;
				GENERATE_INFOPLIST_FILE = YES;
				IPHONEOS_DEPLOYMENT_TARGET = 15.0;
				LD_RUNPATH_SEARCH_PATHS = (
					"$(inherited)",
					"@executable_path/Frameworks",
					"@loader_path/Frameworks",
				);
				MARKETING_VERSION = 1.0;
				PRODUCT_BUNDLE_IDENTIFIER = "Aibek.UFC-fightersTests";
				PRODUCT_NAME = "$(TARGET_NAME)";
				SWIFT_EMIT_LOC_STRINGS = NO;
				SWIFT_VERSION = 5.0;
				TARGETED_DEVICE_FAMILY = "1,2";
				TEST_HOST = "$(BUILT_PRODUCTS_DIR)/UFC fighters.app/UFC fighters";
			};
			name = Release;
		};
		A7BF661B27C76BD2006405C3 /* Debug */ = {
			isa = XCBuildConfiguration;
			buildSettings = {
				ALWAYS_EMBED_SWIFT_STANDARD_LIBRARIES = YES;
				CODE_SIGN_STYLE = Automatic;
				CURRENT_PROJECT_VERSION = 1;
				DEVELOPMENT_TEAM = S3PKQ6K35V;
				GENERATE_INFOPLIST_FILE = YES;
				LD_RUNPATH_SEARCH_PATHS = (
					"$(inherited)",
					"@executable_path/Frameworks",
					"@loader_path/Frameworks",
				);
				MARKETING_VERSION = 1.0;
				PRODUCT_BUNDLE_IDENTIFIER = "Aibek.UFC-fightersUITests";
				PRODUCT_NAME = "$(TARGET_NAME)";
				SWIFT_EMIT_LOC_STRINGS = NO;
				SWIFT_VERSION = 5.0;
				TARGETED_DEVICE_FAMILY = "1,2";
				TEST_TARGET_NAME = "UFC fighters";
			};
			name = Debug;
		};
		A7BF661C27C76BD2006405C3 /* Release */ = {
			isa = XCBuildConfiguration;
			buildSettings = {
				ALWAYS_EMBED_SWIFT_STANDARD_LIBRARIES = YES;
				CODE_SIGN_STYLE = Automatic;
				CURRENT_PROJECT_VERSION = 1;
				DEVELOPMENT_TEAM = S3PKQ6K35V;
				GENERATE_INFOPLIST_FILE = YES;
				LD_RUNPATH_SEARCH_PATHS = (
					"$(inherited)",
					"@executable_path/Frameworks",
					"@loader_path/Frameworks",
				);
				MARKETING_VERSION = 1.0;
				PRODUCT_BUNDLE_IDENTIFIER = "Aibek.UFC-fightersUITests";
				PRODUCT_NAME = "$(TARGET_NAME)";
				SWIFT_EMIT_LOC_STRINGS = NO;
				SWIFT_VERSION = 5.0;
				TARGETED_DEVICE_FAMILY = "1,2";
				TEST_TARGET_NAME = "UFC fighters";
			};
			name = Release;
		};
/* End XCBuildConfiguration section */

/* Begin XCConfigurationList section */
		A7BF65E527C76BD1006405C3 /* Build configuration list for PBXProject "UFC fighters" */ = {
			isa = XCConfigurationList;
			buildConfigurations = (
				A7BF661227C76BD2006405C3 /* Debug */,
				A7BF661327C76BD2006405C3 /* Release */,
			);
			defaultConfigurationIsVisible = 0;
			defaultConfigurationName = Release;
		};
		A7BF661427C76BD2006405C3 /* Build configuration list for PBXNativeTarget "UFC fighters" */ = {
			isa = XCConfigurationList;
			buildConfigurations = (
				A7BF661527C76BD2006405C3 /* Debug */,
				A7BF661627C76BD2006405C3 /* Release */,
			);
			defaultConfigurationIsVisible = 0;
			defaultConfigurationName = Release;
		};
		A7BF661727C76BD2006405C3 /* Build configuration list for PBXNativeTarget "UFC fightersTests" */ = {
			isa = XCConfigurationList;
			buildConfigurations = (
				A7BF661827C76BD2006405C3 /* Debug */,
				A7BF661927C76BD2006405C3 /* Release */,
			);
			defaultConfigurationIsVisible = 0;
			defaultConfigurationName = Release;
		};
		A7BF661A27C76BD2006405C3 /* Build configuration list for PBXNativeTarget "UFC fightersUITests" */ = {
			isa = XCConfigurationList;
			buildConfigurations = (
				A7BF661B27C76BD2006405C3 /* Debug */,
				A7BF661C27C76BD2006405C3 /* Release */,
			);
			defaultConfigurationIsVisible = 0;
			defaultConfigurationName = Release;
		};
/* End XCConfigurationList section */
	};
	rootObject = A7BF65E227C76BD1006405C3 /* Project object */;
}
